
Microsoft Visual Studio Solution File, Format Version 12.00
# Visual Studio 15
VisualStudioVersion = 15.0.27428.2027
MinimumVisualStudioVersion = 10.0.40219.1
Project("{CC5FD16D-436D-48AD-A40C-5A424C6E3E79}") = "PowerBIEmbedded_AppOwnsData.Azure", "PowerBIEmbedded_AppOwnsData.Azure\PowerBIEmbedded_AppOwnsData.Azure.ccproj", "{5957D029-939D-4D54-BF7E-1640956B57F0}"
EndProject
Project("{FAE04EC0-301F-11D3-BF4B-00C04F79EFBC}") = "SampleApp", "SampleApp\SampleApp.csproj", "{A3A68944-7085-4B37-B1E3-56642EF55C13}"
EndProject
Global
	GlobalSection(SolutionConfigurationPlatforms) = preSolution
		Debug|Any CPU = Debug|Any CPU
		Release|Any CPU = Release|Any CPU
	EndGlobalSection
	GlobalSection(ProjectConfigurationPlatforms) = postSolution
		{5957D029-939D-4D54-BF7E-1640956B57F0}.Debug|Any CPU.ActiveCfg = Debug|Any CPU
		{5957D029-939D-4D54-BF7E-1640956B57F0}.Debug|Any CPU.Build.0 = Debug|Any CPU
		{5957D029-939D-4D54-BF7E-1640956B57F0}.Release|Any CPU.ActiveCfg = Release|Any CPU
		{5957D029-939D-4D54-BF7E-1640956B57F0}.Release|Any CPU.Build.0 = Release|Any CPU
		{A3A68944-7085-4B37-B1E3-56642EF55C13}.Debug|Any CPU.ActiveCfg = Debug|Any CPU
		{A3A68944-7085-4B37-B1E3-56642EF55C13}.Debug|Any CPU.Build.0 = Debug|Any CPU
		{A3A68944-7085-4B37-B1E3-56642EF55C13}.Release|Any CPU.ActiveCfg = Release|Any CPU
		{A3A68944-7085-4B37-B1E3-56642EF55C13}.Release|Any CPU.Build.0 = Release|Any CPU
	EndGlobalSection
	GlobalSection(SolutionProperties) = preSolution
		HideSolutionNode = FALSE
	EndGlobalSection
	GlobalSection(ExtensibilityGlobals) = postSolution
		SolutionGuid = {667D21FE-5900-446E-B0CB-2ADB93B6BC0F}
	EndGlobalSection
EndGlobal
